
Microsoft Visual Studio Solution File, Format Version 12.00
# Visual Studio Version 17
VisualStudioVersion = 17.14.36121.58
MinimumVisualStudioVersion = 10.0.40219.1
Project("{8BC9CEB8-8B4A-11D0-8D11-00A0C91BC942}") = "STL_1", "STL_1\STL_1.vcxproj", "{F8849F15-0C35-4972-9369-5AB1F65BF5CE}"
EndProject
Project("{8BC9CEB8-8B4A-11D0-8D11-00A0C91BC942}") = "Sample", "Std1\Std1.vcxproj", "{E7F9C055-9304-454C-8951-8B40F37D2A32}"
EndProject
Project("{8BC9CEB8-8B4A-11D0-8D11-00A0C91BC942}") = "Base-std", "Project1\Project1.vcxproj", "{E3333004-2167-4381-92A8-4816A6CE7743}"
EndProject
Project("{8BC9CEB8-8B4A-11D0-8D11-00A0C91BC942}") = "Template_T", "Template_T\Template_T.vcxproj", "{E982D046-625F-48A8-9F5C-96F01C1F9BC7}"
EndProject
Project("{8BC9CEB8-8B4A-11D0-8D11-00A0C91BC942}") = "thread1", "thread1\thread1.vcxproj", "{9A77CFEE-7795-4606-B535-E991BB74FB97}"
EndProject
Project("{8BC9CEB8-8B4A-11D0-8D11-00A0C91BC942}") = "C++11", "C++11\C++11.vcxproj", "{58F1BDDB-4C6A-4B0F-AB04-9F9A34FE8A65}"
EndProject
Project("{8BC9CEB8-8B4A-11D0-8D11-00A0C91BC942}") = "C++14", "C++14\C++14.vcxproj", "{070DE310-C430-4F72-9DD9-9DB1B56B210D}"
EndProject
Project("{8BC9CEB8-8B4A-11D0-8D11-00A0C91BC942}") = "C++17", "C++17\C++17.vcxproj", "{8385E76A-3087-4EC5-A9EE-BFA1BAB176DD}"
EndProject
Project("{8BC9CEB8-8B4A-11D0-8D11-00A0C91BC942}") = "C++20", "C++20\C++20.vcxproj", "{DA0C935F-F3AC-431B-86FD-CEDDB761AEAE}"
EndProject
Project("{8BC9CEB8-8B4A-11D0-8D11-00A0C91BC942}") = "design-test", "DesignPattern\Test3.vcxproj", "{5E32677D-4FDC-4854-9BE1-D3AE9A1739CE}"
EndProject
Project("{8BC9CEB8-8B4A-11D0-8D11-00A0C91BC942}") = "MySTL", "MySTL\MySTL.vcxproj", "{46517659-CC88-4289-BFE6-12FABB7B981E}"
EndProject
Project("{8BC9CEB8-8B4A-11D0-8D11-00A0C91BC942}") = "data-structure", "data-structure\data-structure.vcxproj", "{E8600783-DFE7-4353-97B9-239A2889B2FE}"
EndProject
Project("{8BC9CEB8-8B4A-11D0-8D11-00A0C91BC942}") = "design-patterns", "design-patterns\design-patterns.vcxproj", "{8150AFF8-0B16-44C3-A409-E8720F3BCC6D}"
EndProject
Global
	GlobalSection(SolutionConfigurationPlatforms) = preSolution
		Debug|x64 = Debug|x64
		Debug|x86 = Debug|x86
		Release|x64 = Release|x64
		Release|x86 = Release|x86
	EndGlobalSection
	GlobalSection(ProjectConfigurationPlatforms) = postSolution
		{F8849F15-0C35-4972-9369-5AB1F65BF5CE}.Debug|x64.ActiveCfg = Debug|x64
		{F8849F15-0C35-4972-9369-5AB1F65BF5CE}.Debug|x64.Build.0 = Debug|x64
		{F8849F15-0C35-4972-9369-5AB1F65BF5CE}.Debug|x86.ActiveCfg = Debug|Win32
		{F8849F15-0C35-4972-9369-5AB1F65BF5CE}.Debug|x86.Build.0 = Debug|Win32
		{F8849F15-0C35-4972-9369-5AB1F65BF5CE}.Release|x64.ActiveCfg = Release|x64
		{F8849F15-0C35-4972-9369-5AB1F65BF5CE}.Release|x64.Build.0 = Release|x64
		{F8849F15-0C35-4972-9369-5AB1F65BF5CE}.Release|x86.ActiveCfg = Release|Win32
		{F8849F15-0C35-4972-9369-5AB1F65BF5CE}.Release|x86.Build.0 = Release|Win32
		{E7F9C055-9304-454C-8951-8B40F37D2A32}.Debug|x64.ActiveCfg = Debug|x64
		{E7F9C055-9304-454C-8951-8B40F37D2A32}.Debug|x64.Build.0 = Debug|x64
		{E7F9C055-9304-454C-8951-8B40F37D2A32}.Debug|x86.ActiveCfg = Debug|Win32
		{E7F9C055-9304-454C-8951-8B40F37D2A32}.Debug|x86.Build.0 = Debug|Win32
		{E7F9C055-9304-454C-8951-8B40F37D2A32}.Release|x64.ActiveCfg = Release|x64
		{E7F9C055-9304-454C-8951-8B40F37D2A32}.Release|x64.Build.0 = Release|x64
		{E7F9C055-9304-454C-8951-8B40F37D2A32}.Release|x86.ActiveCfg = Release|Win32
		{E7F9C055-9304-454C-8951-8B40F37D2A32}.Release|x86.Build.0 = Release|Win32
		{E3333004-2167-4381-92A8-4816A6CE7743}.Debug|x64.ActiveCfg = Debug|x64
		{E3333004-2167-4381-92A8-4816A6CE7743}.Debug|x64.Build.0 = Debug|x64
		{E3333004-2167-4381-92A8-4816A6CE7743}.Debug|x86.ActiveCfg = Debug|Win32
		{E3333004-2167-4381-92A8-4816A6CE7743}.Debug|x86.Build.0 = Debug|Win32
		{E3333004-2167-4381-92A8-4816A6CE7743}.Release|x64.ActiveCfg = Release|x64
		{E3333004-2167-4381-92A8-4816A6CE7743}.Release|x64.Build.0 = Release|x64
		{E3333004-2167-4381-92A8-4816A6CE7743}.Release|x86.ActiveCfg = Release|Win32
		{E3333004-2167-4381-92A8-4816A6CE7743}.Release|x86.Build.0 = Release|Win32
		{E982D046-625F-48A8-9F5C-96F01C1F9BC7}.Debug|x64.ActiveCfg = Debug|x64
		{E982D046-625F-48A8-9F5C-96F01C1F9BC7}.Debug|x64.Build.0 = Debug|x64
		{E982D046-625F-48A8-9F5C-96F01C1F9BC7}.Debug|x86.ActiveCfg = Debug|Win32
		{E982D046-625F-48A8-9F5C-96F01C1F9BC7}.Debug|x86.Build.0 = Debug|Win32
		{E982D046-625F-48A8-9F5C-96F01C1F9BC7}.Release|x64.ActiveCfg = Release|x64
		{E982D046-625F-48A8-9F5C-96F01C1F9BC7}.Release|x64.Build.0 = Release|x64
		{E982D046-625F-48A8-9F5C-96F01C1F9BC7}.Release|x86.ActiveCfg = Release|Win32
		{E982D046-625F-48A8-9F5C-96F01C1F9BC7}.Release|x86.Build.0 = Release|Win32
		{9A77CFEE-7795-4606-B535-E991BB74FB97}.Debug|x64.ActiveCfg = Debug|x64
		{9A77CFEE-7795-4606-B535-E991BB74FB97}.Debug|x64.Build.0 = Debug|x64
		{9A77CFEE-7795-4606-B535-E991BB74FB97}.Debug|x86.ActiveCfg = Debug|Win32
		{9A77CFEE-7795-4606-B535-E991BB74FB97}.Debug|x86.Build.0 = Debug|Win32
		{9A77CFEE-7795-4606-B535-E991BB74FB97}.Release|x64.ActiveCfg = Release|x64
		{9A77CFEE-7795-4606-B535-E991BB74FB97}.Release|x64.Build.0 = Release|x64
		{9A77CFEE-7795-4606-B535-E991BB74FB97}.Release|x86.ActiveCfg = Release|Win32
		{9A77CFEE-7795-4606-B535-E991BB74FB97}.Release|x86.Build.0 = Release|Win32
		{58F1BDDB-4C6A-4B0F-AB04-9F9A34FE8A65}.Debug|x64.ActiveCfg = Debug|x64
		{58F1BDDB-4C6A-4B0F-AB04-9F9A34FE8A65}.Debug|x64.Build.0 = Debug|x64
		{58F1BDDB-4C6A-4B0F-AB04-9F9A34FE8A65}.Debug|x86.ActiveCfg = Debug|Win32
		{58F1BDDB-4C6A-4B0F-AB04-9F9A34FE8A65}.Debug|x86.Build.0 = Debug|Win32
		{58F1BDDB-4C6A-4B0F-AB04-9F9A34FE8A65}.Release|x64.ActiveCfg = Release|x64
		{58F1BDDB-4C6A-4B0F-AB04-9F9A34FE8A65}.Release|x64.Build.0 = Release|x64
		{58F1BDDB-4C6A-4B0F-AB04-9F9A34FE8A65}.Release|x86.ActiveCfg = Release|Win32
		{58F1BDDB-4C6A-4B0F-AB04-9F9A34FE8A65}.Release|x86.Build.0 = Release|Win32
		{070DE310-C430-4F72-9DD9-9DB1B56B210D}.Debug|x64.ActiveCfg = Debug|x64
		{070DE310-C430-4F72-9DD9-9DB1B56B210D}.Debug|x64.Build.0 = Debug|x64
		{070DE310-C430-4F72-9DD9-9DB1B56B210D}.Debug|x86.ActiveCfg = Debug|Win32
		{070DE310-C430-4F72-9DD9-9DB1B56B210D}.Debug|x86.Build.0 = Debug|Win32
		{070DE310-C430-4F72-9DD9-9DB1B56B210D}.Release|x64.ActiveCfg = Release|x64
		{070DE310-C430-4F72-9DD9-9DB1B56B210D}.Release|x64.Build.0 = Release|x64
		{070DE310-C430-4F72-9DD9-9DB1B56B210D}.Release|x86.ActiveCfg = Release|Win32
		{070DE310-C430-4F72-9DD9-9DB1B56B210D}.Release|x86.Build.0 = Release|Win32
		{8385E76A-3087-4EC5-A9EE-BFA1BAB176DD}.Debug|x64.ActiveCfg = Debug|x64
		{8385E76A-3087-4EC5-A9EE-BFA1BAB176DD}.Debug|x64.Build.0 = Debug|x64
		{8385E76A-3087-4EC5-A9EE-BFA1BAB176DD}.Debug|x86.ActiveCfg = Debug|Win32
		{8385E76A-3087-4EC5-A9EE-BFA1BAB176DD}.Debug|x86.Build.0 = Debug|Win32
		{8385E76A-3087-4EC5-A9EE-BFA1BAB176DD}.Release|x64.ActiveCfg = Release|x64
		{8385E76A-3087-4EC5-A9EE-BFA1BAB176DD}.Release|x64.Build.0 = Release|x64
		{8385E76A-3087-4EC5-A9EE-BFA1BAB176DD}.Release|x86.ActiveCfg = Release|Win32
		{8385E76A-3087-4EC5-A9EE-BFA1BAB176DD}.Release|x86.Build.0 = Release|Win32
		{DA0C935F-F3AC-431B-86FD-CEDDB761AEAE}.Debug|x64.ActiveCfg = Debug|x64
		{DA0C935F-F3AC-431B-86FD-CEDDB761AEAE}.Debug|x64.Build.0 = Debug|x64
		{DA0C935F-F3AC-431B-86FD-CEDDB761AEAE}.Debug|x86.ActiveCfg = Debug|Win32
		{DA0C935F-F3AC-431B-86FD-CEDDB761AEAE}.Debug|x86.Build.0 = Debug|Win32
		{DA0C935F-F3AC-431B-86FD-CEDDB761AEAE}.Release|x64.ActiveCfg = Release|x64
		{DA0C935F-F3AC-431B-86FD-CEDDB761AEAE}.Release|x64.Build.0 = Release|x64
		{DA0C935F-F3AC-431B-86FD-CEDDB761AEAE}.Release|x86.ActiveCfg = Release|Win32
		{DA0C935F-F3AC-431B-86FD-CEDDB761AEAE}.Release|x86.Build.0 = Release|Win32
		{5E32677D-4FDC-4854-9BE1-D3AE9A1739CE}.Debug|x64.ActiveCfg = Debug|x64
		{5E32677D-4FDC-4854-9BE1-D3AE9A1739CE}.Debug|x64.Build.0 = Debug|x64
		{5E32677D-4FDC-4854-9BE1-D3AE9A1739CE}.Debug|x86.ActiveCfg = Debug|Win32
		{5E32677D-4FDC-4854-9BE1-D3AE9A1739CE}.Debug|x86.Build.0 = Debug|Win32
		{5E32677D-4FDC-4854-9BE1-D3AE9A1739CE}.Release|x64.ActiveCfg = Release|x64
		{5E32677D-4FDC-4854-9BE1-D3AE9A1739CE}.Release|x64.Build.0 = Release|x64
		{5E32677D-4FDC-4854-9BE1-D3AE9A1739CE}.Release|x86.ActiveCfg = Release|Win32
		{5E32677D-4FDC-4854-9BE1-D3AE9A1739CE}.Release|x86.Build.0 = Release|Win32
		{46517659-CC88-4289-BFE6-12FABB7B981E}.Debug|x64.ActiveCfg = Debug|x64
		{46517659-CC88-4289-BFE6-12FABB7B981E}.Debug|x64.Build.0 = Debug|x64
		{46517659-CC88-4289-BFE6-12FABB7B981E}.Debug|x86.ActiveCfg = Debug|Win32
		{46517659-CC88-4289-BFE6-12FABB7B981E}.Debug|x86.Build.0 = Debug|Win32
		{46517659-CC88-4289-BFE6-12FABB7B981E}.Release|x64.ActiveCfg = Release|x64
		{46517659-CC88-4289-BFE6-12FABB7B981E}.Release|x64.Build.0 = Release|x64
		{46517659-CC88-4289-BFE6-12FABB7B981E}.Release|x86.ActiveCfg = Release|Win32
		{46517659-CC88-4289-BFE6-12FABB7B981E}.Release|x86.Build.0 = Release|Win32
		{E8600783-DFE7-4353-97B9-239A2889B2FE}.Debug|x64.ActiveCfg = Debug|x64
		{E8600783-DFE7-4353-97B9-239A2889B2FE}.Debug|x64.Build.0 = Debug|x64
		{E8600783-DFE7-4353-97B9-239A2889B2FE}.Debug|x86.ActiveCfg = Debug|Win32
		{E8600783-DFE7-4353-97B9-239A2889B2FE}.Debug|x86.Build.0 = Debug|Win32
		{E8600783-DFE7-4353-97B9-239A2889B2FE}.Release|x64.ActiveCfg = Release|x64
		{E8600783-DFE7-4353-97B9-239A2889B2FE}.Release|x64.Build.0 = Release|x64
		{E8600783-DFE7-4353-97B9-239A2889B2FE}.Release|x86.ActiveCfg = Release|Win32
		{E8600783-DFE7-4353-97B9-239A2889B2FE}.Release|x86.Build.0 = Release|Win32
		{8150AFF8-0B16-44C3-A409-E8720F3BCC6D}.Debug|x64.ActiveCfg = Debug|x64
		{8150AFF8-0B16-44C3-A409-E8720F3BCC6D}.Debug|x64.Build.0 = Debug|x64
		{8150AFF8-0B16-44C3-A409-E8720F3BCC6D}.Debug|x86.ActiveCfg = Debug|Win32
		{8150AFF8-0B16-44C3-A409-E8720F3BCC6D}.Debug|x86.Build.0 = Debug|Win32
		{8150AFF8-0B16-44C3-A409-E8720F3BCC6D}.Release|x64.ActiveCfg = Release|x64
		{8150AFF8-0B16-44C3-A409-E8720F3BCC6D}.Release|x64.Build.0 = Release|x64
		{8150AFF8-0B16-44C3-A409-E8720F3BCC6D}.Release|x86.ActiveCfg = Release|Win32
		{8150AFF8-0B16-44C3-A409-E8720F3BCC6D}.Release|x86.Build.0 = Release|Win32
	EndGlobalSection
	GlobalSection(SolutionProperties) = preSolution
		HideSolutionNode = FALSE
	EndGlobalSection
	GlobalSection(ExtensibilityGlobals) = postSolution
		SolutionGuid = {497D4CE9-2706-4FFF-8B03-3ADAFE6CEDFA}
	EndGlobalSection
EndGlobal
